
Microsoft Visual Studio Solution File, Format Version 12.00
# Visual Studio 15
VisualStudioVersion = 15.0.28307.421
MinimumVisualStudioVersion = 10.0.40219.1
Project("{F184B08F-C81C-45F6-A57F-5ABD9991F28F}") = "WindowsApp1", "WindowsApp1\WindowsApp1.vbproj", "{6A52EE62-8265-4BFE-9193-368EB8F52114}"
EndProject
Global
	GlobalSection(SolutionConfigurationPlatforms) = preSolution
		Debug|Any CPU = Debug|Any CPU
		Release|Any CPU = Release|Any CPU
	EndGlobalSection
	GlobalSection(ProjectConfigurationPlatforms) = postSolution
		{6A52EE62-8265-4BFE-9193-368EB8F52114}.Debug|Any CPU.ActiveCfg = Debug|Any CPU
		{6A52EE62-8265-4BFE-9193-368EB8F52114}.Debug|Any CPU.Build.0 = Debug|Any CPU
		{6A52EE62-8265-4BFE-9193-368EB8F52114}.Release|Any CPU.ActiveCfg = Release|Any CPU
		{6A52EE62-8265-4BFE-9193-368EB8F52114}.Release|Any CPU.Build.0 = Release|Any CPU
	EndGlobalSection
	GlobalSection(SolutionProperties) = preSolution
		HideSolutionNode = FALSE
	EndGlobalSection
	GlobalSection(ExtensibilityGlobals) = postSolution
		SolutionGuid = {C4224EF0-3877-4EF1-9DD1-BF8522A5D759}
	EndGlobalSection
EndGlobal
